
Microsoft Visual Studio Solution File, Format Version 12.00
# Visual Studio Version 17
VisualStudioVersion = 17.4.33213.308
MinimumVisualStudioVersion = 10.0.40219.1
Project("{FAE04EC0-301F-11D3-BF4B-00C04F79EFBC}") = "ExercicioConversorMoeda", "ExercicioConversorMoeda\ExercicioConversorMoeda.csproj", "{EE0114D0-8817-4A7F-A4A8-E89F3B60FF3A}"
EndProject
Global
	GlobalSection(SolutionConfigurationPlatforms) = preSolution
		Debug|Any CPU = Debug|Any CPU
		Release|Any CPU = Release|Any CPU
	EndGlobalSection
	GlobalSection(ProjectConfigurationPlatforms) = postSolution
		{EE0114D0-8817-4A7F-A4A8-E89F3B60FF3A}.Debug|Any CPU.ActiveCfg = Debug|Any CPU
		{EE0114D0-8817-4A7F-A4A8-E89F3B60FF3A}.Debug|Any CPU.Build.0 = Debug|Any CPU
		{EE0114D0-8817-4A7F-A4A8-E89F3B60FF3A}.Release|Any CPU.ActiveCfg = Release|Any CPU
		{EE0114D0-8817-4A7F-A4A8-E89F3B60FF3A}.Release|Any CPU.Build.0 = Release|Any CPU
	EndGlobalSection
	GlobalSection(SolutionProperties) = preSolution
		HideSolutionNode = FALSE
	EndGlobalSection
	GlobalSection(ExtensibilityGlobals) = postSolution
		SolutionGuid = {156EEFC4-FB9A-45DC-A934-0D03C2008CF7}
	EndGlobalSection
EndGlobal
