
Microsoft Visual Studio Solution File, Format Version 12.00
# Visual Studio Version 17
VisualStudioVersion = 17.4.33213.308
MinimumVisualStudioVersion = 10.0.40219.1
Project("{FAE04EC0-301F-11D3-BF4B-00C04F79EFBC}") = "ExecMetAtribEstaticoParte2", "ExecMetAtribEstaticoParte2\ExecMetAtribEstaticoParte2.csproj", "{1AB0CB40-7712-43CB-8C91-E86F4A982F94}"
EndProject
Global
	GlobalSection(SolutionConfigurationPlatforms) = preSolution
		Debug|Any CPU = Debug|Any CPU
		Release|Any CPU = Release|Any CPU
	EndGlobalSection
	GlobalSection(ProjectConfigurationPlatforms) = postSolution
		{1AB0CB40-7712-43CB-8C91-E86F4A982F94}.Debug|Any CPU.ActiveCfg = Debug|Any CPU
		{1AB0CB40-7712-43CB-8C91-E86F4A982F94}.Debug|Any CPU.Build.0 = Debug|Any CPU
		{1AB0CB40-7712-43CB-8C91-E86F4A982F94}.Release|Any CPU.ActiveCfg = Release|Any CPU
		{1AB0CB40-7712-43CB-8C91-E86F4A982F94}.Release|Any CPU.Build.0 = Release|Any CPU
	EndGlobalSection
	GlobalSection(SolutionProperties) = preSolution
		HideSolutionNode = FALSE
	EndGlobalSection
	GlobalSection(ExtensibilityGlobals) = postSolution
		SolutionGuid = {A4D1BF5E-E93C-4E9B-A6E6-75D63E604F15}
	EndGlobalSection
EndGlobal
